<?xml version="1.0" encoding="utf-8"?>
<Project ToolsVersion="4.0" xmlns="http://schemas.microsoft.com/developer/msbuild/2003">
  <ItemGroup>
    <Filter Include="Source Files">
      <UniqueIdentifier>{4FC737F1-C7A5-4376-A066-2A32D752A2FF}</UniqueIdentifier>
      <Extensions>cpp;c;cc;cxx;c++;cppm;ixx;def;odl;idl;hpj;bat;asm;asmx</Extensions>
    </Filter>
    <Filter Include="Header Files">
      <UniqueIdentifier>{93995380-89BD-4b04-88EB-625FBE52EBFB}</UniqueIdentifier>
      <Extensions>h;hh;hpp;hxx;h++;hm;inl;inc;ipp;xsd</Extensions>
    </Filter>
    <Filter Include="Resource Files">
      <UniqueIdentifier>{67DA6AB6-F800-4c08-8B7A-83BB121AAD01}</UniqueIdentifier>
      <Extensions>rc;ico;cur;bmp;dlg;rc2;rct;bin;rgs;gif;jpg;jpeg;jpe;resx;tiff;tif;png;wav;mfcribbon-ms</Extensions>
    </Filter>
    <Filter Include="Source Files\AoC2024">
      <UniqueIdentifier>{5a0c097e-d59f-4c29-af5e-c8344f18a711}</UniqueIdentifier>
    </Filter>
    <Filter Include="Source Files\AoC2024\AoC2024_Day1">
      <UniqueIdentifier>{0fccd7f5-ad94-4d95-b038-d77b02d1ee8a}</UniqueIdentifier>
    </Filter>
    <Filter Include="Source Files\AoC2024\AoC2024_Day2">
      <UniqueIdentifier>{f98a49aa-00ae-4a4e-bb5b-5b11416b2ff6}</UniqueIdentifier>
    </Filter>
    <Filter Include="Source Files\AoC2024\AoC2024_Day3">
      <UniqueIdentifier>{4dd37bdd-b665-42ba-a351-231c86cfb7af}</UniqueIdentifier>
    </Filter>
  </ItemGroup>
  <ItemGroup>
    <Text Include="AoC2024_Day1.txt">
      <Filter>Source Files\AoC2024\AoC2024_Day1</Filter>
    </Text>
    <Text Include="AoC2024_Day2.txt">
      <Filter>Source Files\AoC2024\AoC2024_Day2</Filter>
    </Text>
    <Text Include="AoC2024_Day3.txt">
      <Filter>Source Files\AoC2024\AoC2024_Day3</Filter>
    </Text>
  </ItemGroup>
  <ItemGroup>
    <ClCompile Include="AoC2024_Day1.cpp">
      <Filter>Source Files\AoC2024\AoC2024_Day1</Filter>
    </ClCompile>
    <ClCompile Include="AoC2024_Day2.cpp">
      <Filter>Source Files\AoC2024\AoC2024_Day2</Filter>
    </ClCompile>
    <ClCompile Include="template.cpp">
      <Filter>Source Files\AoC2024</Filter>
    </ClCompile>
    <ClCompile Include="AoC2024.cpp">
      <Filter>Source Files\AoC2024</Filter>
    </ClCompile>
    <ClCompile Include="AoC2024_Day3.cpp">
      <Filter>Source Files\AoC2024\AoC2024_Day3</Filter>
    </ClCompile>
  </ItemGroup>
  <ItemGroup>
    <ClInclude Include="AoC2024_Day1.h">
      <Filter>Source Files\AoC2024\AoC2024_Day1</Filter>
    </ClInclude>
    <ClInclude Include="template.h">
      <Filter>Source Files\AoC2024</Filter>
    </ClInclude>
    <ClInclude Include="AoC2024_Day2.h">
      <Filter>Source Files\AoC2024\AoC2024_Day2</Filter>
    </ClInclude>
    <ClInclude Include="AoC2024_Day3.h">
      <Filter>Source Files\AoC2024\AoC2024_Day3</Filter>
    </ClInclude>
  </ItemGroup>
</Project>